{
  "pins" : [
    {
      "identity" : "savannakit",
      "kind" : "remoteSourceControl",
      "location" : "https://github.com/IvanMathy/savannakit/",
      "state" : {
        "branch" : "feat/multilineEditing",
        "revision" : "2e316c0cb1a522aec649c88bc28afd47ae9c176a"
      }
    }
  ],
  "version" : 2
}
