{
  "pins" : [
    {
      "identity" : "savannakit",
      "kind" : "remoteSourceControl",
      "location" : "https://github.com/IvanMathy/savannakit/",
      "state" : {
        "branch" : "feat/multilineEditing",
        "revision" : "535cffc97aca7ac71b0f9d4ba0d0dd60a890de5a"
      }
    }
  ],
  "version" : 2
}
